// !$*UTF8*$!
{
	archiveVersion = 1;
	classes = {
	};
	objectVersion = 51;
	objects = {

/* Begin PBXBuildFile section */
		183A231A25DE3B8E000C9732 /* HomeView.swift in Sources */ = {isa = PBXBuildFile; fileRef = 183A231925DE3B8E000C9732 /* HomeView.swift */; };
		183A232125DE45EB000C9732 /* MotherView.swift in Sources */ = {isa = PBXBuildFile; fileRef = 183A232025DE45EB000C9732 /* MotherView.swift */; };
		183A232425DE48CC000C9732 /* Helper.swift in Sources */ = {isa = PBXBuildFile; fileRef = 183A232325DE48CC000C9732 /* Helper.swift */; };
		184141C225DF71FB00AB96FA /* RecoRow.swift in Sources */ = {isa = PBXBuildFile; fileRef = 184141C125DF71FB00AB96FA /* RecoRow.swift */; };
		184141C525DF796F00AB96FA /* DailyIntakeColumn.swift in Sources */ = {isa = PBXBuildFile; fileRef = 184141C425DF796F00AB96FA /* DailyIntakeColumn.swift */; };
		1841421725E7067800AB96FA /* GoalsColumn.swift in Sources */ = {isa = PBXBuildFile; fileRef = 1841421625E7067800AB96FA /* GoalsColumn.swift */; };
		1841421A25E7078E00AB96FA /* GoalsColumnItem.swift in Sources */ = {isa = PBXBuildFile; fileRef = 1841421925E7078E00AB96FA /* GoalsColumnItem.swift */; };
		1841421D25E765B700AB96FA /* ProfileColumn.swift in Sources */ = {isa = PBXBuildFile; fileRef = 1841421C25E765B700AB96FA /* ProfileColumn.swift */; };
		187683D525F969980002BDF5 /* SignUpView.swift in Sources */ = {isa = PBXBuildFile; fileRef = 187683D425F969980002BDF5 /* SignUpView.swift */; };
		18D1C2B525DE516B00CEA370 /* ViewRouter.swift in Sources */ = {isa = PBXBuildFile; fileRef = 18D1C2B425DE516B00CEA370 /* ViewRouter.swift */; };
		18D1C2B925DE5CB500CEA370 /* ReportView.swift in Sources */ = {isa = PBXBuildFile; fileRef = 18D1C2B825DE5CB500CEA370 /* ReportView.swift */; };
		18D1C2BD25DE5CC300CEA370 /* ProfileView.swift in Sources */ = {isa = PBXBuildFile; fileRef = 18D1C2BC25DE5CC300CEA370 /* ProfileView.swift */; };
		18D1C2C025DE5E5000CEA370 /* HostingTabBar.swift in Sources */ = {isa = PBXBuildFile; fileRef = 18D1C2BF25DE5E5000CEA370 /* HostingTabBar.swift */; };
		5570D8DA25ED78EB00FAB456 /* HealthStore.swift in Sources */ = {isa = PBXBuildFile; fileRef = 5570D8D925ED78EB00FAB456 /* HealthStore.swift */; };
		5570D8DE25ED7C3B00FAB456 /* HealthKit.framework in Frameworks */ = {isa = PBXBuildFile; fileRef = 5570D8DD25ED7C3B00FAB456 /* HealthKit.framework */; };
		5570D8E225ED7FEA00FAB456 /* Calorie.swift in Sources */ = {isa = PBXBuildFile; fileRef = 5570D8E125ED7FEA00FAB456 /* Calorie.swift */; };
		DA33216CB13AA4BF43CF60AF /* Pods_NutriHealth.framework in Frameworks */ = {isa = PBXBuildFile; fileRef = 1F877FB3F2D859EFA539E682 /* Pods_NutriHealth.framework */; };
		EB57C1F225CFB9E3001EEB6A /* NutriHealthApp.swift in Sources */ = {isa = PBXBuildFile; fileRef = EB57C1F125CFB9E3001EEB6A /* NutriHealthApp.swift */; };
		EB57C1F425CFB9E3001EEB6A /* ContentView.swift in Sources */ = {isa = PBXBuildFile; fileRef = EB57C1F325CFB9E3001EEB6A /* ContentView.swift */; };
		EB57C1F625CFB9E5001EEB6A /* Assets.xcassets in Resources */ = {isa = PBXBuildFile; fileRef = EB57C1F525CFB9E5001EEB6A /* Assets.xcassets */; };
		EB57C1F925CFB9E5001EEB6A /* Preview Assets.xcassets in Resources */ = {isa = PBXBuildFile; fileRef = EB57C1F825CFB9E5001EEB6A /* Preview Assets.xcassets */; };
		EB6AFA8125EC5E6E009C43A8 /* Calendar.swift in Sources */ = {isa = PBXBuildFile; fileRef = EB6AFA8025EC5E6E009C43A8 /* Calendar.swift */; };
		EBA670E925F9F63A0054E726 /* DailyIntakeItems.swift in Sources */ = {isa = PBXBuildFile; fileRef = EBA670E825F9F63A0054E726 /* DailyIntakeItems.swift */; };
/* End PBXBuildFile section */

/* Begin PBXFileReference section */
		06B8BFBC96F9C25FF4930B84 /* Pods-NutriHealth.debug.xcconfig */ = {isa = PBXFileReference; includeInIndex = 1; lastKnownFileType = text.xcconfig; name = "Pods-NutriHealth.debug.xcconfig"; path = "Target Support Files/Pods-NutriHealth/Pods-NutriHealth.debug.xcconfig"; sourceTree = "<group>"; };
		183A231925DE3B8E000C9732 /* HomeView.swift */ = {isa = PBXFileReference; lastKnownFileType = sourcecode.swift; path = HomeView.swift; sourceTree = "<group>"; };
		183A232025DE45EB000C9732 /* MotherView.swift */ = {isa = PBXFileReference; lastKnownFileType = sourcecode.swift; path = MotherView.swift; sourceTree = "<group>"; };
		183A232325DE48CC000C9732 /* Helper.swift */ = {isa = PBXFileReference; lastKnownFileType = sourcecode.swift; path = Helper.swift; sourceTree = "<group>"; };
		184141C125DF71FB00AB96FA /* RecoRow.swift */ = {isa = PBXFileReference; lastKnownFileType = sourcecode.swift; path = RecoRow.swift; sourceTree = "<group>"; };
		184141C425DF796F00AB96FA /* DailyIntakeColumn.swift */ = {isa = PBXFileReference; lastKnownFileType = sourcecode.swift; path = DailyIntakeColumn.swift; sourceTree = "<group>"; };
		1841421625E7067800AB96FA /* GoalsColumn.swift */ = {isa = PBXFileReference; lastKnownFileType = sourcecode.swift; path = GoalsColumn.swift; sourceTree = "<group>"; };
		1841421925E7078E00AB96FA /* GoalsColumnItem.swift */ = {isa = PBXFileReference; lastKnownFileType = sourcecode.swift; path = GoalsColumnItem.swift; sourceTree = "<group>"; };
		1841421C25E765B700AB96FA /* ProfileColumn.swift */ = {isa = PBXFileReference; lastKnownFileType = sourcecode.swift; path = ProfileColumn.swift; sourceTree = "<group>"; };
		187683D425F969980002BDF5 /* SignUpView.swift */ = {isa = PBXFileReference; lastKnownFileType = sourcecode.swift; path = SignUpView.swift; sourceTree = "<group>"; };
		18D1C2B425DE516B00CEA370 /* ViewRouter.swift */ = {isa = PBXFileReference; lastKnownFileType = sourcecode.swift; path = ViewRouter.swift; sourceTree = "<group>"; };
		18D1C2B825DE5CB500CEA370 /* ReportView.swift */ = {isa = PBXFileReference; lastKnownFileType = sourcecode.swift; path = ReportView.swift; sourceTree = "<group>"; };
		18D1C2BC25DE5CC300CEA370 /* ProfileView.swift */ = {isa = PBXFileReference; lastKnownFileType = sourcecode.swift; path = ProfileView.swift; sourceTree = "<group>"; };
		18D1C2BF25DE5E5000CEA370 /* HostingTabBar.swift */ = {isa = PBXFileReference; lastKnownFileType = sourcecode.swift; name = HostingTabBar.swift; path = NavBarViews/HostingTabBar.swift; sourceTree = "<group>"; };
		1F877FB3F2D859EFA539E682 /* Pods_NutriHealth.framework */ = {isa = PBXFileReference; explicitFileType = wrapper.framework; includeInIndex = 0; path = Pods_NutriHealth.framework; sourceTree = BUILT_PRODUCTS_DIR; };
		5570D8D925ED78EB00FAB456 /* HealthStore.swift */ = {isa = PBXFileReference; lastKnownFileType = sourcecode.swift; path = HealthStore.swift; sourceTree = "<group>"; };
		5570D8DC25ED7C3B00FAB456 /* NutriHealth.entitlements */ = {isa = PBXFileReference; lastKnownFileType = text.plist.entitlements; path = NutriHealth.entitlements; sourceTree = "<group>"; };
		5570D8DD25ED7C3B00FAB456 /* HealthKit.framework */ = {isa = PBXFileReference; lastKnownFileType = wrapper.framework; name = HealthKit.framework; path = System/Library/Frameworks/HealthKit.framework; sourceTree = SDKROOT; };
		5570D8E125ED7FEA00FAB456 /* Calorie.swift */ = {isa = PBXFileReference; lastKnownFileType = sourcecode.swift; path = Calorie.swift; sourceTree = "<group>"; };
		81460B03877F28D6EA5DFC55 /* Pods-NutriHealth.release.xcconfig */ = {isa = PBXFileReference; includeInIndex = 1; lastKnownFileType = text.xcconfig; name = "Pods-NutriHealth.release.xcconfig"; path = "Target Support Files/Pods-NutriHealth/Pods-NutriHealth.release.xcconfig"; sourceTree = "<group>"; };
		EB57C1EE25CFB9E3001EEB6A /* NutriHealth.app */ = {isa = PBXFileReference; explicitFileType = wrapper.application; includeInIndex = 0; path = NutriHealth.app; sourceTree = BUILT_PRODUCTS_DIR; };
		EB57C1F125CFB9E3001EEB6A /* NutriHealthApp.swift */ = {isa = PBXFileReference; lastKnownFileType = sourcecode.swift; path = NutriHealthApp.swift; sourceTree = "<group>"; };
		EB57C1F325CFB9E3001EEB6A /* ContentView.swift */ = {isa = PBXFileReference; indentWidth = 4; lastKnownFileType = sourcecode.swift; path = ContentView.swift; sourceTree = "<group>"; tabWidth = 4; };
		EB57C1F525CFB9E5001EEB6A /* Assets.xcassets */ = {isa = PBXFileReference; lastKnownFileType = folder.assetcatalog; path = Assets.xcassets; sourceTree = "<group>"; };
		EB57C1F825CFB9E5001EEB6A /* Preview Assets.xcassets */ = {isa = PBXFileReference; lastKnownFileType = folder.assetcatalog; path = "Preview Assets.xcassets"; sourceTree = "<group>"; };
		EB57C1FA25CFB9E5001EEB6A /* Info.plist */ = {isa = PBXFileReference; lastKnownFileType = text.plist.xml; path = Info.plist; sourceTree = "<group>"; };
		EB6AFA8025EC5E6E009C43A8 /* Calendar.swift */ = {isa = PBXFileReference; lastKnownFileType = sourcecode.swift; path = Calendar.swift; sourceTree = "<group>"; };
		EBA670E825F9F63A0054E726 /* DailyIntakeItems.swift */ = {isa = PBXFileReference; lastKnownFileType = sourcecode.swift; path = DailyIntakeItems.swift; sourceTree = "<group>"; };
/* End PBXFileReference section */

/* Begin PBXFrameworksBuildPhase section */
		EB57C1EB25CFB9E3001EEB6A /* Frameworks */ = {
			isa = PBXFrameworksBuildPhase;
			buildActionMask = 2147483647;
			files = (
				DA33216CB13AA4BF43CF60AF /* Pods_NutriHealth.framework in Frameworks */,
				5570D8DE25ED7C3B00FAB456 /* HealthKit.framework in Frameworks */,
			);
			runOnlyForDeploymentPostprocessing = 0;
		};
/* End PBXFrameworksBuildPhase section */

/* Begin PBXGroup section */
		184141C725DF7D8200AB96FA /* HomeViewContent */ = {
			isa = PBXGroup;
			children = (
				184141C425DF796F00AB96FA /* DailyIntakeColumn.swift */,
				184141C125DF71FB00AB96FA /* RecoRow.swift */,
				EB6AFA8025EC5E6E009C43A8 /* Calendar.swift */,
				EBA670E825F9F63A0054E726 /* DailyIntakeItems.swift */,
			);
			path = HomeViewContent;
			sourceTree = "<group>";
		};
		1841421525E705E600AB96FA /* ProfileViewContent */ = {
			isa = PBXGroup;
			children = (
				1841421625E7067800AB96FA /* GoalsColumn.swift */,
				1841421925E7078E00AB96FA /* GoalsColumnItem.swift */,
				1841421C25E765B700AB96FA /* ProfileColumn.swift */,
			);
			path = ProfileViewContent;
			sourceTree = "<group>";
		};
		18D1C2B725DE5C6700CEA370 /* NavBarViews */ = {
			isa = PBXGroup;
			children = (
				183A231925DE3B8E000C9732 /* HomeView.swift */,
				18D1C2B825DE5CB500CEA370 /* ReportView.swift */,
				18D1C2BC25DE5CC300CEA370 /* ProfileView.swift */,
			);
			path = NavBarViews;
			sourceTree = "<group>";
		};
		26626DD68A5E276BB62D6A70 /* Frameworks */ = {
			isa = PBXGroup;
			children = (
				5570D8DD25ED7C3B00FAB456 /* HealthKit.framework */,
				1F877FB3F2D859EFA539E682 /* Pods_NutriHealth.framework */,
			);
			name = Frameworks;
			sourceTree = "<group>";
		};
		4BE37EE551A731C7D7C23804 /* Pods */ = {
			isa = PBXGroup;
			children = (
				06B8BFBC96F9C25FF4930B84 /* Pods-NutriHealth.debug.xcconfig */,
				81460B03877F28D6EA5DFC55 /* Pods-NutriHealth.release.xcconfig */,
			);
			path = Pods;
			sourceTree = "<group>";
		};
		5570D8E025ED7FD900FAB456 /* Models */ = {
			isa = PBXGroup;
			children = (
				5570D8E125ED7FEA00FAB456 /* Calorie.swift */,
			);
			path = Models;
			sourceTree = "<group>";
		};
		EB57C1E525CFB9E3001EEB6A = {
			isa = PBXGroup;
			children = (
				EB57C1F025CFB9E3001EEB6A /* NutriHealth */,
				EB57C1EF25CFB9E3001EEB6A /* Products */,
				4BE37EE551A731C7D7C23804 /* Pods */,
				26626DD68A5E276BB62D6A70 /* Frameworks */,
			);
			sourceTree = "<group>";
		};
		EB57C1EF25CFB9E3001EEB6A /* Products */ = {
			isa = PBXGroup;
			children = (
				EB57C1EE25CFB9E3001EEB6A /* NutriHealth.app */,
			);
			name = Products;
			sourceTree = "<group>";
		};
		EB57C1F025CFB9E3001EEB6A /* NutriHealth */ = {
			isa = PBXGroup;
			children = (
				5570D8E025ED7FD900FAB456 /* Models */,
				5570D8DC25ED7C3B00FAB456 /* NutriHealth.entitlements */,
				1841421525E705E600AB96FA /* ProfileViewContent */,
				184141C725DF7D8200AB96FA /* HomeViewContent */,
				18D1C2BF25DE5E5000CEA370 /* HostingTabBar.swift */,
				EB57C1F125CFB9E3001EEB6A /* NutriHealthApp.swift */,
				183A232325DE48CC000C9732 /* Helper.swift */,
				EB57C1F325CFB9E3001EEB6A /* ContentView.swift */,
				18D1C2B725DE5C6700CEA370 /* NavBarViews */,
				183A232025DE45EB000C9732 /* MotherView.swift */,
				187683D425F969980002BDF5 /* SignUpView.swift */,
				18D1C2B425DE516B00CEA370 /* ViewRouter.swift */,
				EB57C1F525CFB9E5001EEB6A /* Assets.xcassets */,
				EB57C1FA25CFB9E5001EEB6A /* Info.plist */,
				EB57C1F725CFB9E5001EEB6A /* Preview Content */,
				5570D8D925ED78EB00FAB456 /* HealthStore.swift */,
			);
			path = NutriHealth;
			sourceTree = "<group>";
		};
		EB57C1F725CFB9E5001EEB6A /* Preview Content */ = {
			isa = PBXGroup;
			children = (
				EB57C1F825CFB9E5001EEB6A /* Preview Assets.xcassets */,
			);
			path = "Preview Content";
			sourceTree = "<group>";
		};
/* End PBXGroup section */

/* Begin PBXNativeTarget section */
		EB57C1ED25CFB9E3001EEB6A /* NutriHealth */ = {
			isa = PBXNativeTarget;
			buildConfigurationList = EB57C1FD25CFB9E5001EEB6A /* Build configuration list for PBXNativeTarget "NutriHealth" */;
			buildPhases = (
				2D37E0DB00B29342200CCD13 /* [CP] Check Pods Manifest.lock */,
				EB57C1EA25CFB9E3001EEB6A /* Sources */,
				EB57C1EB25CFB9E3001EEB6A /* Frameworks */,
				EB57C1EC25CFB9E3001EEB6A /* Resources */,
				554DE30D90C7654F5F8093D6 /* [CP] Embed Pods Frameworks */,
			);
			buildRules = (
			);
			dependencies = (
			);
			name = NutriHealth;
			productName = NutriHealth;
			productReference = EB57C1EE25CFB9E3001EEB6A /* NutriHealth.app */;
			productType = "com.apple.product-type.application";
		};
/* End PBXNativeTarget section */

/* Begin PBXProject section */
		EB57C1E625CFB9E3001EEB6A /* Project object */ = {
			isa = PBXProject;
			attributes = {
				LastSwiftUpdateCheck = 1240;
				LastUpgradeCheck = 1240;
				TargetAttributes = {
					EB57C1ED25CFB9E3001EEB6A = {
						CreatedOnToolsVersion = 12.4;
					};
				};
			};
			buildConfigurationList = EB57C1E925CFB9E3001EEB6A /* Build configuration list for PBXProject "NutriHealth" */;
			compatibilityVersion = "Xcode 9.3";
			developmentRegion = en;
			hasScannedForEncodings = 0;
			knownRegions = (
				en,
				Base,
			);
			mainGroup = EB57C1E525CFB9E3001EEB6A;
			productRefGroup = EB57C1EF25CFB9E3001EEB6A /* Products */;
			projectDirPath = "";
			projectRoot = "";
			targets = (
				EB57C1ED25CFB9E3001EEB6A /* NutriHealth */,
			);
		};
/* End PBXProject section */

/* Begin PBXResourcesBuildPhase section */
		EB57C1EC25CFB9E3001EEB6A /* Resources */ = {
			isa = PBXResourcesBuildPhase;
			buildActionMask = 2147483647;
			files = (
				EB57C1F925CFB9E5001EEB6A /* Preview Assets.xcassets in Resources */,
				EB57C1F625CFB9E5001EEB6A /* Assets.xcassets in Resources */,
			);
			runOnlyForDeploymentPostprocessing = 0;
		};
/* End PBXResourcesBuildPhase section */

/* Begin PBXShellScriptBuildPhase section */
		2D37E0DB00B29342200CCD13 /* [CP] Check Pods Manifest.lock */ = {
			isa = PBXShellScriptBuildPhase;
			buildActionMask = 2147483647;
			files = (
			);
			inputFileListPaths = (
			);
			inputPaths = (
				"${PODS_PODFILE_DIR_PATH}/Podfile.lock",
				"${PODS_ROOT}/Manifest.lock",
			);
			name = "[CP] Check Pods Manifest.lock";
			outputFileListPaths = (
			);
			outputPaths = (
				"$(DERIVED_FILE_DIR)/Pods-NutriHealth-checkManifestLockResult.txt",
			);
			runOnlyForDeploymentPostprocessing = 0;
			shellPath = /bin/sh;
			shellScript = "diff \"${PODS_PODFILE_DIR_PATH}/Podfile.lock\" \"${PODS_ROOT}/Manifest.lock\" > /dev/null\nif [ $? != 0 ] ; then\n    # print error to STDERR\n    echo \"error: The sandbox is not in sync with the Podfile.lock. Run 'pod install' or update your CocoaPods installation.\" >&2\n    exit 1\nfi\n# This output is used by Xcode 'outputs' to avoid re-running this script phase.\necho \"SUCCESS\" > \"${SCRIPT_OUTPUT_FILE_0}\"\n";
			showEnvVarsInLog = 0;
		};
		554DE30D90C7654F5F8093D6 /* [CP] Embed Pods Frameworks */ = {
			isa = PBXShellScriptBuildPhase;
			buildActionMask = 2147483647;
			files = (
			);
			inputFileListPaths = (
				"${PODS_ROOT}/Target Support Files/Pods-NutriHealth/Pods-NutriHealth-frameworks-${CONFIGURATION}-input-files.xcfilelist",
			);
			name = "[CP] Embed Pods Frameworks";
			outputFileListPaths = (
				"${PODS_ROOT}/Target Support Files/Pods-NutriHealth/Pods-NutriHealth-frameworks-${CONFIGURATION}-output-files.xcfilelist",
			);
			runOnlyForDeploymentPostprocessing = 0;
			shellPath = /bin/sh;
			shellScript = "\"${PODS_ROOT}/Target Support Files/Pods-NutriHealth/Pods-NutriHealth-frameworks.sh\"\n";
			showEnvVarsInLog = 0;
		};
/* End PBXShellScriptBuildPhase section */

/* Begin PBXSourcesBuildPhase section */
		EB57C1EA25CFB9E3001EEB6A /* Sources */ = {
			isa = PBXSourcesBuildPhase;
			buildActionMask = 2147483647;
			files = (
				18D1C2BD25DE5CC300CEA370 /* ProfileView.swift in Sources */,
				5570D8E225ED7FEA00FAB456 /* Calorie.swift in Sources */,
				183A231A25DE3B8E000C9732 /* HomeView.swift in Sources */,
				183A232125DE45EB000C9732 /* MotherView.swift in Sources */,
				184141C225DF71FB00AB96FA /* RecoRow.swift in Sources */,
				EB6AFA8125EC5E6E009C43A8 /* Calendar.swift in Sources */,
				1841421725E7067800AB96FA /* GoalsColumn.swift in Sources */,
				1841421A25E7078E00AB96FA /* GoalsColumnItem.swift in Sources */,
				183A232425DE48CC000C9732 /* Helper.swift in Sources */,
				184141C525DF796F00AB96FA /* DailyIntakeColumn.swift in Sources */,
				18D1C2C025DE5E5000CEA370 /* HostingTabBar.swift in Sources */,
				1841421D25E765B700AB96FA /* ProfileColumn.swift in Sources */,
				18D1C2B525DE516B00CEA370 /* ViewRouter.swift in Sources */,
				18D1C2B925DE5CB500CEA370 /* ReportView.swift in Sources */,
				EBA670E925F9F63A0054E726 /* DailyIntakeItems.swift in Sources */,
				EB57C1F425CFB9E3001EEB6A /* ContentView.swift in Sources */,
				EB57C1F225CFB9E3001EEB6A /* NutriHealthApp.swift in Sources */,
				187683D525F969980002BDF5 /* SignUpView.swift in Sources */,
				5570D8DA25ED78EB00FAB456 /* HealthStore.swift in Sources */,
			);
			runOnlyForDeploymentPostprocessing = 0;
		};
/* End PBXSourcesBuildPhase section */

/* Begin XCBuildConfiguration section */
		EB57C1FB25CFB9E5001EEB6A /* Debug */ = {
			isa = XCBuildConfiguration;
			buildSettings = {
				ALWAYS_SEARCH_USER_PATHS = NO;
				CLANG_ANALYZER_NONNULL = YES;
				CLANG_ANALYZER_NUMBER_OBJECT_CONVERSION = YES_AGGRESSIVE;
				CLANG_CXX_LANGUAGE_STANDARD = "gnu++14";
				CLANG_CXX_LIBRARY = "libc++";
				CLANG_ENABLE_MODULES = YES;
				CLANG_ENABLE_OBJC_ARC = YES;
				CLANG_ENABLE_OBJC_WEAK = YES;
				CLANG_WARN_BLOCK_CAPTURE_AUTORELEASING = YES;
				CLANG_WARN_BOOL_CONVERSION = YES;
				CLANG_WARN_COMMA = YES;
				CLANG_WARN_CONSTANT_CONVERSION = YES;
				CLANG_WARN_DEPRECATED_OBJC_IMPLEMENTATIONS = YES;
				CLANG_WARN_DIRECT_OBJC_ISA_USAGE = YES_ERROR;
				CLANG_WARN_DOCUMENTATION_COMMENTS = YES;
				CLANG_WARN_EMPTY_BODY = YES;
				CLANG_WARN_ENUM_CONVERSION = YES;
				CLANG_WARN_INFINITE_RECURSION = YES;
				CLANG_WARN_INT_CONVERSION = YES;
				CLANG_WARN_NON_LITERAL_NULL_CONVERSION = YES;
				CLANG_WARN_OBJC_IMPLICIT_RETAIN_SELF = YES;
				CLANG_WARN_OBJC_LITERAL_CONVERSION = YES;
				CLANG_WARN_OBJC_ROOT_CLASS = YES_ERROR;
				CLANG_WARN_QUOTED_INCLUDE_IN_FRAMEWORK_HEADER = YES;
				CLANG_WARN_RANGE_LOOP_ANALYSIS = YES;
				CLANG_WARN_STRICT_PROTOTYPES = YES;
				CLANG_WARN_SUSPICIOUS_MOVE = YES;
				CLANG_WARN_UNGUARDED_AVAILABILITY = YES_AGGRESSIVE;
				CLANG_WARN_UNREACHABLE_CODE = YES;
				CLANG_WARN__DUPLICATE_METHOD_MATCH = YES;
				COPY_PHASE_STRIP = NO;
				DEBUG_INFORMATION_FORMAT = dwarf;
				ENABLE_STRICT_OBJC_MSGSEND = YES;
				ENABLE_TESTABILITY = YES;
				GCC_C_LANGUAGE_STANDARD = gnu11;
				GCC_DYNAMIC_NO_PIC = NO;
				GCC_NO_COMMON_BLOCKS = YES;
				GCC_OPTIMIZATION_LEVEL = 0;
				GCC_PREPROCESSOR_DEFINITIONS = (
					"DEBUG=1",
					"$(inherited)",
				);
				GCC_WARN_64_TO_32_BIT_CONVERSION = YES;
				GCC_WARN_ABOUT_RETURN_TYPE = YES_ERROR;
				GCC_WARN_UNDECLARED_SELECTOR = YES;
				GCC_WARN_UNINITIALIZED_AUTOS = YES_AGGRESSIVE;
				GCC_WARN_UNUSED_FUNCTION = YES;
				GCC_WARN_UNUSED_VARIABLE = YES;
				IPHONEOS_DEPLOYMENT_TARGET = 14.4;
				MTL_ENABLE_DEBUG_INFO = INCLUDE_SOURCE;
				MTL_FAST_MATH = YES;
				ONLY_ACTIVE_ARCH = YES;
				SDKROOT = iphoneos;
				SWIFT_ACTIVE_COMPILATION_CONDITIONS = DEBUG;
				SWIFT_OPTIMIZATION_LEVEL = "-Onone";
			};
			name = Debug;
		};
		EB57C1FC25CFB9E5001EEB6A /* Release */ = {
			isa = XCBuildConfiguration;
			buildSettings = {
				ALWAYS_SEARCH_USER_PATHS = NO;
				CLANG_ANALYZER_NONNULL = YES;
				CLANG_ANALYZER_NUMBER_OBJECT_CONVERSION = YES_AGGRESSIVE;
				CLANG_CXX_LANGUAGE_STANDARD = "gnu++14";
				CLANG_CXX_LIBRARY = "libc++";
				CLANG_ENABLE_MODULES = YES;
				CLANG_ENABLE_OBJC_ARC = YES;
				CLANG_ENABLE_OBJC_WEAK = YES;
				CLANG_WARN_BLOCK_CAPTURE_AUTORELEASING = YES;
				CLANG_WARN_BOOL_CONVERSION = YES;
				CLANG_WARN_COMMA = YES;
				CLANG_WARN_CONSTANT_CONVERSION = YES;
				CLANG_WARN_DEPRECATED_OBJC_IMPLEMENTATIONS = YES;
				CLANG_WARN_DIRECT_OBJC_ISA_USAGE = YES_ERROR;
				CLANG_WARN_DOCUMENTATION_COMMENTS = YES;
				CLANG_WARN_EMPTY_BODY = YES;
				CLANG_WARN_ENUM_CONVERSION = YES;
				CLANG_WARN_INFINITE_RECURSION = YES;
				CLANG_WARN_INT_CONVERSION = YES;
				CLANG_WARN_NON_LITERAL_NULL_CONVERSION = YES;
				CLANG_WARN_OBJC_IMPLICIT_RETAIN_SELF = YES;
				CLANG_WARN_OBJC_LITERAL_CONVERSION = YES;
				CLANG_WARN_OBJC_ROOT_CLASS = YES_ERROR;
				CLANG_WARN_QUOTED_INCLUDE_IN_FRAMEWORK_HEADER = YES;
				CLANG_WARN_RANGE_LOOP_ANALYSIS = YES;
				CLANG_WARN_STRICT_PROTOTYPES = YES;
				CLANG_WARN_SUSPICIOUS_MOVE = YES;
				CLANG_WARN_UNGUARDED_AVAILABILITY = YES_AGGRESSIVE;
				CLANG_WARN_UNREACHABLE_CODE = YES;
				CLANG_WARN__DUPLICATE_METHOD_MATCH = YES;
				COPY_PHASE_STRIP = NO;
				DEBUG_INFORMATION_FORMAT = "dwarf-with-dsym";
				ENABLE_NS_ASSERTIONS = NO;
				ENABLE_STRICT_OBJC_MSGSEND = YES;
				GCC_C_LANGUAGE_STANDARD = gnu11;
				GCC_NO_COMMON_BLOCKS = YES;
				GCC_WARN_64_TO_32_BIT_CONVERSION = YES;
				GCC_WARN_ABOUT_RETURN_TYPE = YES_ERROR;
				GCC_WARN_UNDECLARED_SELECTOR = YES;
				GCC_WARN_UNINITIALIZED_AUTOS = YES_AGGRESSIVE;
				GCC_WARN_UNUSED_FUNCTION = YES;
				GCC_WARN_UNUSED_VARIABLE = YES;
				IPHONEOS_DEPLOYMENT_TARGET = 14.4;
				MTL_ENABLE_DEBUG_INFO = NO;
				MTL_FAST_MATH = YES;
				SDKROOT = iphoneos;
				SWIFT_COMPILATION_MODE = wholemodule;
				SWIFT_OPTIMIZATION_LEVEL = "-O";
				VALIDATE_PRODUCT = YES;
			};
			name = Release;
		};
		EB57C1FE25CFB9E5001EEB6A /* Debug */ = {
			isa = XCBuildConfiguration;
			baseConfigurationReference = 06B8BFBC96F9C25FF4930B84 /* Pods-NutriHealth.debug.xcconfig */;
			buildSettings = {
				ASSETCATALOG_COMPILER_APPICON_NAME = AppIcon;
				ASSETCATALOG_COMPILER_GLOBAL_ACCENT_COLOR_NAME = AccentColor;
				CODE_SIGN_ENTITLEMENTS = NutriHealth/NutriHealth.entitlements;
				CODE_SIGN_STYLE = Automatic;
				DEVELOPMENT_ASSET_PATHS = "\"NutriHealth/Preview Content\"";
				DEVELOPMENT_TEAM = "";
				ENABLE_PREVIEWS = YES;
				INFOPLIST_FILE = NutriHealth/Info.plist;
				IPHONEOS_DEPLOYMENT_TARGET = 14.0;
				LD_RUNPATH_SEARCH_PATHS = (
					"$(inherited)",
					"@executable_path/Frameworks",
				);
				PRODUCT_BUNDLE_IDENTIFIER = g30.NutriHealth;
				PRODUCT_NAME = "$(TARGET_NAME)";
				SWIFT_VERSION = 5.0;
				TARGETED_DEVICE_FAMILY = 1;
			};
			name = Debug;
		};
		EB57C1FF25CFB9E5001EEB6A /* Release */ = {
			isa = XCBuildConfiguration;
			baseConfigurationReference = 81460B03877F28D6EA5DFC55 /* Pods-NutriHealth.release.xcconfig */;
			buildSettings = {
				ASSETCATALOG_COMPILER_APPICON_NAME = AppIcon;
				ASSETCATALOG_COMPILER_GLOBAL_ACCENT_COLOR_NAME = AccentColor;
				CODE_SIGN_ENTITLEMENTS = NutriHealth/NutriHealth.entitlements;
				CODE_SIGN_STYLE = Automatic;
				DEVELOPMENT_ASSET_PATHS = "\"NutriHealth/Preview Content\"";
				DEVELOPMENT_TEAM = "";
				ENABLE_PREVIEWS = YES;
				INFOPLIST_FILE = NutriHealth/Info.plist;
				IPHONEOS_DEPLOYMENT_TARGET = 14.0;
				LD_RUNPATH_SEARCH_PATHS = (
					"$(inherited)",
					"@executable_path/Frameworks",
				);
				PRODUCT_BUNDLE_IDENTIFIER = g30.NutriHealth;
				PRODUCT_NAME = "$(TARGET_NAME)";
				SWIFT_VERSION = 5.0;
				TARGETED_DEVICE_FAMILY = 1;
			};
			name = Release;
		};
/* End XCBuildConfiguration section */

/* Begin XCConfigurationList section */
		EB57C1E925CFB9E3001EEB6A /* Build configuration list for PBXProject "NutriHealth" */ = {
			isa = XCConfigurationList;
			buildConfigurations = (
				EB57C1FB25CFB9E5001EEB6A /* Debug */,
				EB57C1FC25CFB9E5001EEB6A /* Release */,
			);
			defaultConfigurationIsVisible = 0;
			defaultConfigurationName = Release;
		};
		EB57C1FD25CFB9E5001EEB6A /* Build configuration list for PBXNativeTarget "NutriHealth" */ = {
			isa = XCConfigurationList;
			buildConfigurations = (
				EB57C1FE25CFB9E5001EEB6A /* Debug */,
				EB57C1FF25CFB9E5001EEB6A /* Release */,
			);
			defaultConfigurationIsVisible = 0;
			defaultConfigurationName = Release;
		};
/* End XCConfigurationList section */
	};
	rootObject = EB57C1E625CFB9E3001EEB6A /* Project object */;
}
